
Microsoft Visual Studio Solution File, Format Version 12.00
# Visual Studio Version 17
VisualStudioVersion = 17.9.34310.174
MinimumVisualStudioVersion = 10.0.40219.1
Project("{FAE04EC0-301F-11D3-BF4B-00C04F79EFBC}") = "CayThong", "CayThong\CayThong.csproj", "{0DF0D383-A34E-469A-A44C-F77174A572E0}"
EndProject
Global
	GlobalSection(SolutionConfigurationPlatforms) = preSolution
		Debug|Any CPU = Debug|Any CPU
		Release|Any CPU = Release|Any CPU
	EndGlobalSection
	GlobalSection(ProjectConfigurationPlatforms) = postSolution
		{0DF0D383-A34E-469A-A44C-F77174A572E0}.Debug|Any CPU.ActiveCfg = Debug|Any CPU
		{0DF0D383-A34E-469A-A44C-F77174A572E0}.Debug|Any CPU.Build.0 = Debug|Any CPU
		{0DF0D383-A34E-469A-A44C-F77174A572E0}.Release|Any CPU.ActiveCfg = Release|Any CPU
		{0DF0D383-A34E-469A-A44C-F77174A572E0}.Release|Any CPU.Build.0 = Release|Any CPU
	EndGlobalSection
	GlobalSection(SolutionProperties) = preSolution
		HideSolutionNode = FALSE
	EndGlobalSection
	GlobalSection(ExtensibilityGlobals) = postSolution
		SolutionGuid = {8D81A963-EDF5-48BF-94FF-11BA6C1737B9}
	EndGlobalSection
EndGlobal
